
Microsoft Visual Studio Solution File, Format Version 12.00
# Visual Studio 15
VisualStudioVersion = 15.0.28307.705
MinimumVisualStudioVersion = 10.0.40219.1
Project("{FAE04EC0-301F-11D3-BF4B-00C04F79EFBC}") = "TrackerLibrary", "TrackerLibrary\TrackerLibrary.csproj", "{559578AA-E3FF-4C4B-ABCE-131BE2F1084F}"
EndProject
Project("{FAE04EC0-301F-11D3-BF4B-00C04F79EFBC}") = "TrackerUI", "TrackerUI\TrackerUI.csproj", "{2BBC713B-16D6-4A44-B416-169E66D44FD9}"
EndProject
Project("{FAE04EC0-301F-11D3-BF4B-00C04F79EFBC}") = "MVCUI", "MVCUI\MVCUI.csproj", "{DDDDC1DE-D917-42F5-BFAE-6566010CDE4E}"
EndProject
Global
	GlobalSection(SolutionConfigurationPlatforms) = preSolution
		Debug|Any CPU = Debug|Any CPU
		Release|Any CPU = Release|Any CPU
	EndGlobalSection
	GlobalSection(ProjectConfigurationPlatforms) = postSolution
		{559578AA-E3FF-4C4B-ABCE-131BE2F1084F}.Debug|Any CPU.ActiveCfg = Debug|Any CPU
		{559578AA-E3FF-4C4B-ABCE-131BE2F1084F}.Debug|Any CPU.Build.0 = Debug|Any CPU
		{559578AA-E3FF-4C4B-ABCE-131BE2F1084F}.Release|Any CPU.ActiveCfg = Release|Any CPU
		{559578AA-E3FF-4C4B-ABCE-131BE2F1084F}.Release|Any CPU.Build.0 = Release|Any CPU
		{2BBC713B-16D6-4A44-B416-169E66D44FD9}.Debug|Any CPU.ActiveCfg = Debug|Any CPU
		{2BBC713B-16D6-4A44-B416-169E66D44FD9}.Debug|Any CPU.Build.0 = Debug|Any CPU
		{2BBC713B-16D6-4A44-B416-169E66D44FD9}.Release|Any CPU.ActiveCfg = Release|Any CPU
		{2BBC713B-16D6-4A44-B416-169E66D44FD9}.Release|Any CPU.Build.0 = Release|Any CPU
		{DDDDC1DE-D917-42F5-BFAE-6566010CDE4E}.Debug|Any CPU.ActiveCfg = Debug|Any CPU
		{DDDDC1DE-D917-42F5-BFAE-6566010CDE4E}.Debug|Any CPU.Build.0 = Debug|Any CPU
		{DDDDC1DE-D917-42F5-BFAE-6566010CDE4E}.Release|Any CPU.ActiveCfg = Release|Any CPU
		{DDDDC1DE-D917-42F5-BFAE-6566010CDE4E}.Release|Any CPU.Build.0 = Release|Any CPU
	EndGlobalSection
	GlobalSection(SolutionProperties) = preSolution
		HideSolutionNode = FALSE
	EndGlobalSection
	GlobalSection(ExtensibilityGlobals) = postSolution
		SolutionGuid = {C88192C9-9758-490D-8DAB-5DB9175068EB}
	EndGlobalSection
EndGlobal
